
Microsoft Visual Studio Solution File, Format Version 12.00
# Visual Studio Version 16
VisualStudioVersion = 16.0.31729.503
MinimumVisualStudioVersion = 10.0.40219.1
Project("{FAE04EC0-301F-11D3-BF4B-00C04F79EFBC}") = "Id.Overview.Mvc", "Id.Overview.Mvc.csproj", "{F32E38B5-84D1-4CA4-A1BC-DF08E987B9CE}"
EndProject
Global
	GlobalSection(SolutionConfigurationPlatforms) = preSolution
		Debug|Any CPU = Debug|Any CPU
		Release|Any CPU = Release|Any CPU
	EndGlobalSection
	GlobalSection(ProjectConfigurationPlatforms) = postSolution
		{F32E38B5-84D1-4CA4-A1BC-DF08E987B9CE}.Debug|Any CPU.ActiveCfg = Debug|Any CPU
		{F32E38B5-84D1-4CA4-A1BC-DF08E987B9CE}.Debug|Any CPU.Build.0 = Debug|Any CPU
		{F32E38B5-84D1-4CA4-A1BC-DF08E987B9CE}.Release|Any CPU.ActiveCfg = Release|Any CPU
		{F32E38B5-84D1-4CA4-A1BC-DF08E987B9CE}.Release|Any CPU.Build.0 = Release|Any CPU
	EndGlobalSection
	GlobalSection(SolutionProperties) = preSolution
		HideSolutionNode = FALSE
	EndGlobalSection
	GlobalSection(ExtensibilityGlobals) = postSolution
		SolutionGuid = {E1723B13-97ED-4C76-804E-4B7B9F43F9E1}
	EndGlobalSection
EndGlobal
